
Microsoft Visual Studio Solution File, Format Version 12.00
# Visual Studio Version 17
VisualStudioVersion = 17.1.32210.238
MinimumVisualStudioVersion = 10.0.40219.1
Project("{8BC9CEB8-8B4A-11D0-8D11-00A0C91BC942}") = "00_base_code", "00_base_code\00_base_code.vcxproj", "{63F385FA-C466-4A51-B498-1ACBBA32DA8A}"
EndProject
Project("{8BC9CEB8-8B4A-11D0-8D11-00A0C91BC942}") = "15_hello_triangle", "15_hello_triangle\15_hello_triangle.vcxproj", "{63E1BF85-CA79-4F73-B3F7-D6C764E80497}"
EndProject
Project("{8BC9CEB8-8B4A-11D0-8D11-00A0C91BC942}") = "26_texture_mapping", "26_texture_mapping\26_texture_mapping.vcxproj", "{71FB2222-0F11-469C-BDDD-ACA1BCA6858F}"
EndProject
Global
	GlobalSection(SolutionConfigurationPlatforms) = preSolution
		Debug|x64 = Debug|x64
		Debug|x86 = Debug|x86
		Release|x64 = Release|x64
		Release|x86 = Release|x86
	EndGlobalSection
	GlobalSection(ProjectConfigurationPlatforms) = postSolution
		{63F385FA-C466-4A51-B498-1ACBBA32DA8A}.Debug|x64.ActiveCfg = Debug|x64
		{63F385FA-C466-4A51-B498-1ACBBA32DA8A}.Debug|x64.Build.0 = Debug|x64
		{63F385FA-C466-4A51-B498-1ACBBA32DA8A}.Debug|x86.ActiveCfg = Debug|Win32
		{63F385FA-C466-4A51-B498-1ACBBA32DA8A}.Debug|x86.Build.0 = Debug|Win32
		{63F385FA-C466-4A51-B498-1ACBBA32DA8A}.Release|x64.ActiveCfg = Release|x64
		{63F385FA-C466-4A51-B498-1ACBBA32DA8A}.Release|x64.Build.0 = Release|x64
		{63F385FA-C466-4A51-B498-1ACBBA32DA8A}.Release|x86.ActiveCfg = Release|Win32
		{63F385FA-C466-4A51-B498-1ACBBA32DA8A}.Release|x86.Build.0 = Release|Win32
		{63E1BF85-CA79-4F73-B3F7-D6C764E80497}.Debug|x64.ActiveCfg = Debug|x64
		{63E1BF85-CA79-4F73-B3F7-D6C764E80497}.Debug|x64.Build.0 = Debug|x64
		{63E1BF85-CA79-4F73-B3F7-D6C764E80497}.Debug|x86.ActiveCfg = Debug|Win32
		{63E1BF85-CA79-4F73-B3F7-D6C764E80497}.Debug|x86.Build.0 = Debug|Win32
		{63E1BF85-CA79-4F73-B3F7-D6C764E80497}.Release|x64.ActiveCfg = Release|x64
		{63E1BF85-CA79-4F73-B3F7-D6C764E80497}.Release|x64.Build.0 = Release|x64
		{63E1BF85-CA79-4F73-B3F7-D6C764E80497}.Release|x86.ActiveCfg = Release|Win32
		{63E1BF85-CA79-4F73-B3F7-D6C764E80497}.Release|x86.Build.0 = Release|Win32
		{71FB2222-0F11-469C-BDDD-ACA1BCA6858F}.Debug|x64.ActiveCfg = Debug|x64
		{71FB2222-0F11-469C-BDDD-ACA1BCA6858F}.Debug|x64.Build.0 = Debug|x64
		{71FB2222-0F11-469C-BDDD-ACA1BCA6858F}.Debug|x86.ActiveCfg = Debug|Win32
		{71FB2222-0F11-469C-BDDD-ACA1BCA6858F}.Debug|x86.Build.0 = Debug|Win32
		{71FB2222-0F11-469C-BDDD-ACA1BCA6858F}.Release|x64.ActiveCfg = Release|x64
		{71FB2222-0F11-469C-BDDD-ACA1BCA6858F}.Release|x64.Build.0 = Release|x64
		{71FB2222-0F11-469C-BDDD-ACA1BCA6858F}.Release|x86.ActiveCfg = Release|Win32
		{71FB2222-0F11-469C-BDDD-ACA1BCA6858F}.Release|x86.Build.0 = Release|Win32
	EndGlobalSection
	GlobalSection(SolutionProperties) = preSolution
		HideSolutionNode = FALSE
	EndGlobalSection
	GlobalSection(ExtensibilityGlobals) = postSolution
		SolutionGuid = {A20E9464-4DFD-4F1F-A614-448948284C58}
	EndGlobalSection
EndGlobal
